
Microsoft Visual Studio Solution File, Format Version 12.00
# Visual Studio Version 16
VisualStudioVersion = 16.0.30330.147
MinimumVisualStudioVersion = 10.0.40219.1
Project("{FAE04EC0-301F-11D3-BF4B-00C04F79EFBC}") = "PasswordManager", "PasswordManager\PasswordManager.csproj", "{32F4946F-3F7B-4E14-A65B-183A5012F6A6}"
EndProject
Project("{C7167F0D-BC9F-4E6E-AFE1-012C56B48DB5}") = "PasswordManagerInstaller", "PasswordManagerInstaller\PasswordManagerInstaller.wapproj", "{2AD5641F-E447-4570-8E5C-DFC9B5C7266C}"
EndProject
Global
	GlobalSection(SolutionConfigurationPlatforms) = preSolution
		Debug|Any CPU = Debug|Any CPU
		Debug|ARM = Debug|ARM
		Debug|ARM64 = Debug|ARM64
		Debug|x64 = Debug|x64
		Debug|x86 = Debug|x86
		Release|Any CPU = Release|Any CPU
		Release|ARM = Release|ARM
		Release|ARM64 = Release|ARM64
		Release|x64 = Release|x64
		Release|x86 = Release|x86
	EndGlobalSection
	GlobalSection(ProjectConfigurationPlatforms) = postSolution
		{32F4946F-3F7B-4E14-A65B-183A5012F6A6}.Debug|Any CPU.ActiveCfg = Debug|Any CPU
		{32F4946F-3F7B-4E14-A65B-183A5012F6A6}.Debug|Any CPU.Build.0 = Debug|Any CPU
		{32F4946F-3F7B-4E14-A65B-183A5012F6A6}.Debug|ARM.ActiveCfg = Debug|Any CPU
		{32F4946F-3F7B-4E14-A65B-183A5012F6A6}.Debug|ARM.Build.0 = Debug|Any CPU
		{32F4946F-3F7B-4E14-A65B-183A5012F6A6}.Debug|ARM64.ActiveCfg = Debug|Any CPU
		{32F4946F-3F7B-4E14-A65B-183A5012F6A6}.Debug|ARM64.Build.0 = Debug|Any CPU
		{32F4946F-3F7B-4E14-A65B-183A5012F6A6}.Debug|x64.ActiveCfg = Debug|Any CPU
		{32F4946F-3F7B-4E14-A65B-183A5012F6A6}.Debug|x64.Build.0 = Debug|Any CPU
		{32F4946F-3F7B-4E14-A65B-183A5012F6A6}.Debug|x86.ActiveCfg = Debug|Any CPU
		{32F4946F-3F7B-4E14-A65B-183A5012F6A6}.Debug|x86.Build.0 = Debug|Any CPU
		{32F4946F-3F7B-4E14-A65B-183A5012F6A6}.Release|Any CPU.ActiveCfg = Release|Any CPU
		{32F4946F-3F7B-4E14-A65B-183A5012F6A6}.Release|Any CPU.Build.0 = Release|Any CPU
		{32F4946F-3F7B-4E14-A65B-183A5012F6A6}.Release|ARM.ActiveCfg = Release|Any CPU
		{32F4946F-3F7B-4E14-A65B-183A5012F6A6}.Release|ARM.Build.0 = Release|Any CPU
		{32F4946F-3F7B-4E14-A65B-183A5012F6A6}.Release|ARM64.ActiveCfg = Release|Any CPU
		{32F4946F-3F7B-4E14-A65B-183A5012F6A6}.Release|ARM64.Build.0 = Release|Any CPU
		{32F4946F-3F7B-4E14-A65B-183A5012F6A6}.Release|x64.ActiveCfg = Release|x64
		{32F4946F-3F7B-4E14-A65B-183A5012F6A6}.Release|x64.Build.0 = Release|x64
		{32F4946F-3F7B-4E14-A65B-183A5012F6A6}.Release|x86.ActiveCfg = Release|x86
		{32F4946F-3F7B-4E14-A65B-183A5012F6A6}.Release|x86.Build.0 = Release|x86
		{2AD5641F-E447-4570-8E5C-DFC9B5C7266C}.Debug|Any CPU.ActiveCfg = Debug|Any CPU
		{2AD5641F-E447-4570-8E5C-DFC9B5C7266C}.Debug|Any CPU.Build.0 = Debug|Any CPU
		{2AD5641F-E447-4570-8E5C-DFC9B5C7266C}.Debug|Any CPU.Deploy.0 = Debug|Any CPU
		{2AD5641F-E447-4570-8E5C-DFC9B5C7266C}.Debug|ARM.ActiveCfg = Debug|ARM
		{2AD5641F-E447-4570-8E5C-DFC9B5C7266C}.Debug|ARM.Build.0 = Debug|ARM
		{2AD5641F-E447-4570-8E5C-DFC9B5C7266C}.Debug|ARM.Deploy.0 = Debug|ARM
		{2AD5641F-E447-4570-8E5C-DFC9B5C7266C}.Debug|ARM64.ActiveCfg = Debug|ARM64
		{2AD5641F-E447-4570-8E5C-DFC9B5C7266C}.Debug|ARM64.Build.0 = Debug|ARM64
		{2AD5641F-E447-4570-8E5C-DFC9B5C7266C}.Debug|ARM64.Deploy.0 = Debug|ARM64
		{2AD5641F-E447-4570-8E5C-DFC9B5C7266C}.Debug|x64.ActiveCfg = Debug|x64
		{2AD5641F-E447-4570-8E5C-DFC9B5C7266C}.Debug|x64.Build.0 = Debug|x64
		{2AD5641F-E447-4570-8E5C-DFC9B5C7266C}.Debug|x64.Deploy.0 = Debug|x64
		{2AD5641F-E447-4570-8E5C-DFC9B5C7266C}.Debug|x86.ActiveCfg = Debug|x86
		{2AD5641F-E447-4570-8E5C-DFC9B5C7266C}.Debug|x86.Build.0 = Debug|x86
		{2AD5641F-E447-4570-8E5C-DFC9B5C7266C}.Debug|x86.Deploy.0 = Debug|x86
		{2AD5641F-E447-4570-8E5C-DFC9B5C7266C}.Release|Any CPU.ActiveCfg = Release|Any CPU
		{2AD5641F-E447-4570-8E5C-DFC9B5C7266C}.Release|Any CPU.Build.0 = Release|Any CPU
		{2AD5641F-E447-4570-8E5C-DFC9B5C7266C}.Release|Any CPU.Deploy.0 = Release|Any CPU
		{2AD5641F-E447-4570-8E5C-DFC9B5C7266C}.Release|ARM.ActiveCfg = Release|ARM
		{2AD5641F-E447-4570-8E5C-DFC9B5C7266C}.Release|ARM.Build.0 = Release|ARM
		{2AD5641F-E447-4570-8E5C-DFC9B5C7266C}.Release|ARM.Deploy.0 = Release|ARM
		{2AD5641F-E447-4570-8E5C-DFC9B5C7266C}.Release|ARM64.ActiveCfg = Release|ARM64
		{2AD5641F-E447-4570-8E5C-DFC9B5C7266C}.Release|ARM64.Build.0 = Release|ARM64
		{2AD5641F-E447-4570-8E5C-DFC9B5C7266C}.Release|ARM64.Deploy.0 = Release|ARM64
		{2AD5641F-E447-4570-8E5C-DFC9B5C7266C}.Release|x64.ActiveCfg = Release|x64
		{2AD5641F-E447-4570-8E5C-DFC9B5C7266C}.Release|x64.Build.0 = Release|x64
		{2AD5641F-E447-4570-8E5C-DFC9B5C7266C}.Release|x64.Deploy.0 = Release|x64
		{2AD5641F-E447-4570-8E5C-DFC9B5C7266C}.Release|x86.ActiveCfg = Release|x86
		{2AD5641F-E447-4570-8E5C-DFC9B5C7266C}.Release|x86.Build.0 = Release|x86
		{2AD5641F-E447-4570-8E5C-DFC9B5C7266C}.Release|x86.Deploy.0 = Release|x86
	EndGlobalSection
	GlobalSection(SolutionProperties) = preSolution
		HideSolutionNode = FALSE
	EndGlobalSection
	GlobalSection(ExtensibilityGlobals) = postSolution
		SolutionGuid = {A2567D6A-9FBD-4C08-B8F3-A9A6A3C62F66}
	EndGlobalSection
EndGlobal
